// !$*UTF8*$!
{
	archiveVersion = 1;
	classes = {
	};
	objectVersion = 46;
	objects = {

/* Begin PBXBuildFile section */
		6F8050EA264E61952FF5961F /* Pods.framework in Frameworks */ = {isa = PBXBuildFile; fileRef = 6D88DD375291526C3FB372E0 /* Pods.framework */; };
		F42A4BB71D492ED90001E831 /* AppDelegate.swift in Sources */ = {isa = PBXBuildFile; fileRef = F42A4BB61D492ED90001E831 /* AppDelegate.swift */; };
		F42A4BBC1D492ED90001E831 /* Main.storyboard in Resources */ = {isa = PBXBuildFile; fileRef = F42A4BBA1D492ED90001E831 /* Main.storyboard */; };
		F42A4BBE1D492ED90001E831 /* Assets.xcassets in Resources */ = {isa = PBXBuildFile; fileRef = F42A4BBD1D492ED90001E831 /* Assets.xcassets */; };
		F42A4BC11D492ED90001E831 /* LaunchScreen.storyboard in Resources */ = {isa = PBXBuildFile; fileRef = F42A4BBF1D492ED90001E831 /* LaunchScreen.storyboard */; };
		F42A4BC91D492F800001E831 /* GoogleService-Info.plist in Resources */ = {isa = PBXBuildFile; fileRef = F42A4BC81D492F800001E831 /* GoogleService-Info.plist */; };
		F43B3B3C1D4957B3005F7EC5 /* WorkCollectionViewController.swift in Sources */ = {isa = PBXBuildFile; fileRef = F43B3B3B1D4957B3005F7EC5 /* WorkCollectionViewController.swift */; };
		F48FCCBD1D493AE000B42CC4 /* MainCollectionViewController.swift in Sources */ = {isa = PBXBuildFile; fileRef = F48FCCBC1D493AE000B42CC4 /* MainCollectionViewController.swift */; };
		F48FCCBF1D493D1800B42CC4 /* Chattels.swift in Sources */ = {isa = PBXBuildFile; fileRef = F48FCCBE1D493D1800B42CC4 /* Chattels.swift */; };
		F4CD8B1B1D6DD88400BD60C1 /* RatingsViewController.swift in Sources */ = {isa = PBXBuildFile; fileRef = F4CD8B1A1D6DD88400BD60C1 /* RatingsViewController.swift */; };
		F4F630531D4AA9EF0011F116 /* DetailWorkViewController.swift in Sources */ = {isa = PBXBuildFile; fileRef = F4F630521D4AA9EF0011F116 /* DetailWorkViewController.swift */; };
/* End PBXBuildFile section */

/* Begin PBXFileReference section */
		6D88DD375291526C3FB372E0 /* Pods.framework */ = {isa = PBXFileReference; explicitFileType = wrapper.framework; includeInIndex = 0; path = Pods.framework; sourceTree = BUILT_PRODUCTS_DIR; };
		96CEA16AA65A2CAEEE3AE73B /* Pods.release.xcconfig */ = {isa = PBXFileReference; includeInIndex = 1; lastKnownFileType = text.xcconfig; name = Pods.release.xcconfig; path = "Pods/Target Support Files/Pods/Pods.release.xcconfig"; sourceTree = "<group>"; };
		AEA917D7F7FA590091724753 /* Pods.debug.xcconfig */ = {isa = PBXFileReference; includeInIndex = 1; lastKnownFileType = text.xcconfig; name = Pods.debug.xcconfig; path = "Pods/Target Support Files/Pods/Pods.debug.xcconfig"; sourceTree = "<group>"; };
		F42A4BB31D492ED90001E831 /* Chattels.app */ = {isa = PBXFileReference; explicitFileType = wrapper.application; includeInIndex = 0; path = Chattels.app; sourceTree = BUILT_PRODUCTS_DIR; };
		F42A4BB61D492ED90001E831 /* AppDelegate.swift */ = {isa = PBXFileReference; lastKnownFileType = sourcecode.swift; path = AppDelegate.swift; sourceTree = "<group>"; };
		F42A4BBB1D492ED90001E831 /* Base */ = {isa = PBXFileReference; lastKnownFileType = file.storyboard; name = Base; path = Base.lproj/Main.storyboard; sourceTree = "<group>"; };
		F42A4BBD1D492ED90001E831 /* Assets.xcassets */ = {isa = PBXFileReference; lastKnownFileType = folder.assetcatalog; path = Assets.xcassets; sourceTree = "<group>"; };
		F42A4BC01D492ED90001E831 /* Base */ = {isa = PBXFileReference; lastKnownFileType = file.storyboard; name = Base; path = Base.lproj/LaunchScreen.storyboard; sourceTree = "<group>"; };
		F42A4BC21D492ED90001E831 /* Info.plist */ = {isa = PBXFileReference; lastKnownFileType = text.plist.xml; path = Info.plist; sourceTree = "<group>"; };
		F42A4BC81D492F800001E831 /* GoogleService-Info.plist */ = {isa = PBXFileReference; fileEncoding = 4; lastKnownFileType = text.plist.xml; path = "GoogleService-Info.plist"; sourceTree = "<group>"; };
		F43B3B3B1D4957B3005F7EC5 /* WorkCollectionViewController.swift */ = {isa = PBXFileReference; fileEncoding = 4; lastKnownFileType = sourcecode.swift; path = WorkCollectionViewController.swift; sourceTree = "<group>"; };
		F48FCCBC1D493AE000B42CC4 /* MainCollectionViewController.swift */ = {isa = PBXFileReference; fileEncoding = 4; lastKnownFileType = sourcecode.swift; path = MainCollectionViewController.swift; sourceTree = "<group>"; };
		F48FCCBE1D493D1800B42CC4 /* Chattels.swift */ = {isa = PBXFileReference; fileEncoding = 4; lastKnownFileType = sourcecode.swift; path = Chattels.swift; sourceTree = "<group>"; };
		F4CD8B1A1D6DD88400BD60C1 /* RatingsViewController.swift */ = {isa = PBXFileReference; fileEncoding = 4; lastKnownFileType = sourcecode.swift; path = RatingsViewController.swift; sourceTree = "<group>"; };
		F4F630521D4AA9EF0011F116 /* DetailWorkViewController.swift */ = {isa = PBXFileReference; fileEncoding = 4; lastKnownFileType = sourcecode.swift; path = DetailWorkViewController.swift; sourceTree = "<group>"; };
/* End PBXFileReference section */

/* Begin PBXFrameworksBuildPhase section */
		F42A4BB01D492ED90001E831 /* Frameworks */ = {
			isa = PBXFrameworksBuildPhase;
			buildActionMask = 2147483647;
			files = (
				6F8050EA264E61952FF5961F /* Pods.framework in Frameworks */,
			);
			runOnlyForDeploymentPostprocessing = 0;
		};
/* End PBXFrameworksBuildPhase section */

/* Begin PBXGroup section */
		20B8E2D68FD10D76765D3BC5 /* Pods */ = {
			isa = PBXGroup;
			children = (
				AEA917D7F7FA590091724753 /* Pods.debug.xcconfig */,
				96CEA16AA65A2CAEEE3AE73B /* Pods.release.xcconfig */,
			);
			name = Pods;
			sourceTree = "<group>";
		};
		C5051C8B90D37B9C0FECD4BA /* Frameworks */ = {
			isa = PBXGroup;
			children = (
				6D88DD375291526C3FB372E0 /* Pods.framework */,
			);
			name = Frameworks;
			sourceTree = "<group>";
		};
		F42A4BAA1D492ED90001E831 = {
			isa = PBXGroup;
			children = (
				F42A4BB51D492ED90001E831 /* Chattels */,
				F42A4BB41D492ED90001E831 /* Products */,
				20B8E2D68FD10D76765D3BC5 /* Pods */,
				C5051C8B90D37B9C0FECD4BA /* Frameworks */,
			);
			sourceTree = "<group>";
		};
		F42A4BB41D492ED90001E831 /* Products */ = {
			isa = PBXGroup;
			children = (
				F42A4BB31D492ED90001E831 /* Chattels.app */,
			);
			name = Products;
			sourceTree = "<group>";
		};
		F42A4BB51D492ED90001E831 /* Chattels */ = {
			isa = PBXGroup;
			children = (
				F48FCCBA1D49335600B42CC4 /* Storyboards */,
				F48FCCB71D4932F100B42CC4 /* Model */,
				F48FCCB81D4932F700B42CC4 /* View */,
				F48FCCB91D4932FC00B42CC4 /* Controller */,
				F48FCCBB1D49338000B42CC4 /* Assistance */,
			);
			path = Chattels;
			sourceTree = "<group>";
		};
		F48FCCB71D4932F100B42CC4 /* Model */ = {
			isa = PBXGroup;
			children = (
				F48FCCBE1D493D1800B42CC4 /* Chattels.swift */,
			);
			name = Model;
			sourceTree = "<group>";
		};
		F48FCCB81D4932F700B42CC4 /* View */ = {
			isa = PBXGroup;
			children = (
			);
			name = View;
			sourceTree = "<group>";
		};
		F48FCCB91D4932FC00B42CC4 /* Controller */ = {
			isa = PBXGroup;
			children = (
				F48FCCBC1D493AE000B42CC4 /* MainCollectionViewController.swift */,
				F43B3B3B1D4957B3005F7EC5 /* WorkCollectionViewController.swift */,
				F4F630521D4AA9EF0011F116 /* DetailWorkViewController.swift */,
				F4CD8B1A1D6DD88400BD60C1 /* RatingsViewController.swift */,
			);
			name = Controller;
			sourceTree = "<group>";
		};
		F48FCCBA1D49335600B42CC4 /* Storyboards */ = {
			isa = PBXGroup;
			children = (
				F42A4BBF1D492ED90001E831 /* LaunchScreen.storyboard */,
				F42A4BBA1D492ED90001E831 /* Main.storyboard */,
			);
			name = Storyboards;
			sourceTree = "<group>";
		};
		F48FCCBB1D49338000B42CC4 /* Assistance */ = {
			isa = PBXGroup;
			children = (
				F42A4BBD1D492ED90001E831 /* Assets.xcassets */,
				F42A4BC81D492F800001E831 /* GoogleService-Info.plist */,
				F42A4BC21D492ED90001E831 /* Info.plist */,
				F42A4BB61D492ED90001E831 /* AppDelegate.swift */,
			);
			name = Assistance;
			sourceTree = "<group>";
		};
/* End PBXGroup section */

/* Begin PBXNativeTarget section */
		F42A4BB21D492ED90001E831 /* Chattels */ = {
			isa = PBXNativeTarget;
			buildConfigurationList = F42A4BC51D492ED90001E831 /* Build configuration list for PBXNativeTarget "Chattels" */;
			buildPhases = (
				E8C55E098B16479EC71D601A /* Check Pods Manifest.lock */,
				F42A4BAF1D492ED90001E831 /* Sources */,
				F42A4BB01D492ED90001E831 /* Frameworks */,
				F42A4BB11D492ED90001E831 /* Resources */,
				F612CD85018D624276E2AEF4 /* Embed Pods Frameworks */,
				F8565B3F1EC6EED7D15A68AE /* Copy Pods Resources */,
			);
			buildRules = (
			);
			dependencies = (
			);
			name = Chattels;
			productName = Chattels;
			productReference = F42A4BB31D492ED90001E831 /* Chattels.app */;
			productType = "com.apple.product-type.application";
		};
/* End PBXNativeTarget section */

/* Begin PBXProject section */
		F42A4BAB1D492ED90001E831 /* Project object */ = {
			isa = PBXProject;
			attributes = {
				LastSwiftUpdateCheck = 0730;
				LastUpgradeCheck = 0800;
				ORGANIZATIONNAME = MLBNP;
				TargetAttributes = {
					F42A4BB21D492ED90001E831 = {
						CreatedOnToolsVersion = 7.3;
						DevelopmentTeam = G7TV7283LG;
						LastSwiftMigration = 0800;
					};
				};
			};
			buildConfigurationList = F42A4BAE1D492ED90001E831 /* Build configuration list for PBXProject "Chattels" */;
			compatibilityVersion = "Xcode 3.2";
			developmentRegion = English;
			hasScannedForEncodings = 0;
			knownRegions = (
				en,
				Base,
			);
			mainGroup = F42A4BAA1D492ED90001E831;
			productRefGroup = F42A4BB41D492ED90001E831 /* Products */;
			projectDirPath = "";
			projectRoot = "";
			targets = (
				F42A4BB21D492ED90001E831 /* Chattels */,
			);
		};
/* End PBXProject section */

/* Begin PBXResourcesBuildPhase section */
		F42A4BB11D492ED90001E831 /* Resources */ = {
			isa = PBXResourcesBuildPhase;
			buildActionMask = 2147483647;
			files = (
				F42A4BC11D492ED90001E831 /* LaunchScreen.storyboard in Resources */,
				F42A4BC91D492F800001E831 /* GoogleService-Info.plist in Resources */,
				F42A4BBE1D492ED90001E831 /* Assets.xcassets in Resources */,
				F42A4BBC1D492ED90001E831 /* Main.storyboard in Resources */,
			);
			runOnlyForDeploymentPostprocessing = 0;
		};
/* End PBXResourcesBuildPhase section */

/* Begin PBXShellScriptBuildPhase section */
		E8C55E098B16479EC71D601A /* Check Pods Manifest.lock */ = {
			isa = PBXShellScriptBuildPhase;
			buildActionMask = 2147483647;
			files = (
			);
			inputPaths = (
			);
			name = "Check Pods Manifest.lock";
			outputPaths = (
			);
			runOnlyForDeploymentPostprocessing = 0;
			shellPath = /bin/sh;
			shellScript = "diff \"${PODS_ROOT}/../Podfile.lock\" \"${PODS_ROOT}/Manifest.lock\" > /dev/null\nif [[ $? != 0 ]] ; then\n    cat << EOM\nerror: The sandbox is not in sync with the Podfile.lock. Run 'pod install' or update your CocoaPods installation.\nEOM\n    exit 1\nfi\n";
			showEnvVarsInLog = 0;
		};
		F612CD85018D624276E2AEF4 /* Embed Pods Frameworks */ = {
			isa = PBXShellScriptBuildPhase;
			buildActionMask = 2147483647;
			files = (
			);
			inputPaths = (
			);
			name = "Embed Pods Frameworks";
			outputPaths = (
			);
			runOnlyForDeploymentPostprocessing = 0;
			shellPath = /bin/sh;
			shellScript = "\"${SRCROOT}/Pods/Target Support Files/Pods/Pods-frameworks.sh\"\n";
			showEnvVarsInLog = 0;
		};
		F8565B3F1EC6EED7D15A68AE /* Copy Pods Resources */ = {
			isa = PBXShellScriptBuildPhase;
			buildActionMask = 2147483647;
			files = (
			);
			inputPaths = (
			);
			name = "Copy Pods Resources";
			outputPaths = (
			);
			runOnlyForDeploymentPostprocessing = 0;
			shellPath = /bin/sh;
			shellScript = "\"${SRCROOT}/Pods/Target Support Files/Pods/Pods-resources.sh\"\n";
			showEnvVarsInLog = 0;
		};
/* End PBXShellScriptBuildPhase section */

/* Begin PBXSourcesBuildPhase section */
		F42A4BAF1D492ED90001E831 /* Sources */ = {
			isa = PBXSourcesBuildPhase;
			buildActionMask = 2147483647;
			files = (
				F48FCCBD1D493AE000B42CC4 /* MainCollectionViewController.swift in Sources */,
				F48FCCBF1D493D1800B42CC4 /* Chattels.swift in Sources */,
				F42A4BB71D492ED90001E831 /* AppDelegate.swift in Sources */,
				F4F630531D4AA9EF0011F116 /* DetailWorkViewController.swift in Sources */,
				F43B3B3C1D4957B3005F7EC5 /* WorkCollectionViewController.swift in Sources */,
				F4CD8B1B1D6DD88400BD60C1 /* RatingsViewController.swift in Sources */,
			);
			runOnlyForDeploymentPostprocessing = 0;
		};
/* End PBXSourcesBuildPhase section */

/* Begin PBXVariantGroup section */
		F42A4BBA1D492ED90001E831 /* Main.storyboard */ = {
			isa = PBXVariantGroup;
			children = (
				F42A4BBB1D492ED90001E831 /* Base */,
			);
			name = Main.storyboard;
			sourceTree = "<group>";
		};
		F42A4BBF1D492ED90001E831 /* LaunchScreen.storyboard */ = {
			isa = PBXVariantGroup;
			children = (
				F42A4BC01D492ED90001E831 /* Base */,
			);
			name = LaunchScreen.storyboard;
			sourceTree = "<group>";
		};
/* End PBXVariantGroup section */

/* Begin XCBuildConfiguration section */
		F42A4BC31D492ED90001E831 /* Debug */ = {
			isa = XCBuildConfiguration;
			buildSettings = {
				ALWAYS_SEARCH_USER_PATHS = NO;
				CLANG_ANALYZER_NONNULL = YES;
				CLANG_CXX_LANGUAGE_STANDARD = "gnu++0x";
				CLANG_CXX_LIBRARY = "libc++";
				CLANG_ENABLE_MODULES = YES;
				CLANG_ENABLE_OBJC_ARC = YES;
				CLANG_WARN_BOOL_CONVERSION = YES;
				CLANG_WARN_CONSTANT_CONVERSION = YES;
				CLANG_WARN_DIRECT_OBJC_ISA_USAGE = YES_ERROR;
				CLANG_WARN_EMPTY_BODY = YES;
				CLANG_WARN_ENUM_CONVERSION = YES;
				CLANG_WARN_INFINITE_RECURSION = YES;
				CLANG_WARN_INT_CONVERSION = YES;
				CLANG_WARN_OBJC_ROOT_CLASS = YES_ERROR;
				CLANG_WARN_SUSPICIOUS_MOVE = YES;
				CLANG_WARN_UNREACHABLE_CODE = YES;
				CLANG_WARN__DUPLICATE_METHOD_MATCH = YES;
				"CODE_SIGN_IDENTITY[sdk=iphoneos*]" = "iPhone Developer";
				COPY_PHASE_STRIP = NO;
				DEBUG_INFORMATION_FORMAT = dwarf;
				ENABLE_STRICT_OBJC_MSGSEND = YES;
				ENABLE_TESTABILITY = YES;
				GCC_C_LANGUAGE_STANDARD = gnu99;
				GCC_DYNAMIC_NO_PIC = NO;
				GCC_NO_COMMON_BLOCKS = YES;
				GCC_OPTIMIZATION_LEVEL = 0;
				GCC_PREPROCESSOR_DEFINITIONS = (
					"DEBUG=1",
					"$(inherited)",
				);
				GCC_WARN_64_TO_32_BIT_CONVERSION = YES;
				GCC_WARN_ABOUT_RETURN_TYPE = YES_ERROR;
				GCC_WARN_UNDECLARED_SELECTOR = YES;
				GCC_WARN_UNINITIALIZED_AUTOS = YES_AGGRESSIVE;
				GCC_WARN_UNUSED_FUNCTION = YES;
				GCC_WARN_UNUSED_VARIABLE = YES;
				IPHONEOS_DEPLOYMENT_TARGET = 9.3;
				MTL_ENABLE_DEBUG_INFO = YES;
				ONLY_ACTIVE_ARCH = YES;
				SDKROOT = iphoneos;
				SWIFT_OPTIMIZATION_LEVEL = "-Onone";
			};
			name = Debug;
		};
		F42A4BC41D492ED90001E831 /* Release */ = {
			isa = XCBuildConfiguration;
			buildSettings = {
				ALWAYS_SEARCH_USER_PATHS = NO;
				CLANG_ANALYZER_NONNULL = YES;
				CLANG_CXX_LANGUAGE_STANDARD = "gnu++0x";
				CLANG_CXX_LIBRARY = "libc++";
				CLANG_ENABLE_MODULES = YES;
				CLANG_ENABLE_OBJC_ARC = YES;
				CLANG_WARN_BOOL_CONVERSION = YES;
				CLANG_WARN_CONSTANT_CONVERSION = YES;
				CLANG_WARN_DIRECT_OBJC_ISA_USAGE = YES_ERROR;
				CLANG_WARN_EMPTY_BODY = YES;
				CLANG_WARN_ENUM_CONVERSION = YES;
				CLANG_WARN_INFINITE_RECURSION = YES;
				CLANG_WARN_INT_CONVERSION = YES;
				CLANG_WARN_OBJC_ROOT_CLASS = YES_ERROR;
				CLANG_WARN_SUSPICIOUS_MOVE = YES;
				CLANG_WARN_UNREACHABLE_CODE = YES;
				CLANG_WARN__DUPLICATE_METHOD_MATCH = YES;
				"CODE_SIGN_IDENTITY[sdk=iphoneos*]" = "iPhone Developer";
				COPY_PHASE_STRIP = NO;
				DEBUG_INFORMATION_FORMAT = "dwarf-with-dsym";
				ENABLE_NS_ASSERTIONS = NO;
				ENABLE_STRICT_OBJC_MSGSEND = YES;
				GCC_C_LANGUAGE_STANDARD = gnu99;
				GCC_NO_COMMON_BLOCKS = YES;
				GCC_WARN_64_TO_32_BIT_CONVERSION = YES;
				GCC_WARN_ABOUT_RETURN_TYPE = YES_ERROR;
				GCC_WARN_UNDECLARED_SELECTOR = YES;
				GCC_WARN_UNINITIALIZED_AUTOS = YES_AGGRESSIVE;
				GCC_WARN_UNUSED_FUNCTION = YES;
				GCC_WARN_UNUSED_VARIABLE = YES;
				IPHONEOS_DEPLOYMENT_TARGET = 9.3;
				MTL_ENABLE_DEBUG_INFO = NO;
				SDKROOT = iphoneos;
				SWIFT_OPTIMIZATION_LEVEL = "-Owholemodule";
				VALIDATE_PRODUCT = YES;
			};
			name = Release;
		};
		F42A4BC61D492ED90001E831 /* Debug */ = {
			isa = XCBuildConfiguration;
			baseConfigurationReference = AEA917D7F7FA590091724753 /* Pods.debug.xcconfig */;
			buildSettings = {
				ASSETCATALOG_COMPILER_APPICON_NAME = AppIcon;
				CODE_SIGN_IDENTITY = "iPhone Developer";
				INFOPLIST_FILE = Chattels/Info.plist;
				LD_RUNPATH_SEARCH_PATHS = "$(inherited) @executable_path/Frameworks";
				PRODUCT_BUNDLE_IDENTIFIER = com.MLBNP.Chattels;
				PRODUCT_NAME = "$(TARGET_NAME)";
				SWIFT_VERSION = 3.0;
			};
			name = Debug;
		};
		F42A4BC71D492ED90001E831 /* Release */ = {
			isa = XCBuildConfiguration;
			baseConfigurationReference = 96CEA16AA65A2CAEEE3AE73B /* Pods.release.xcconfig */;
			buildSettings = {
				ASSETCATALOG_COMPILER_APPICON_NAME = AppIcon;
				CODE_SIGN_IDENTITY = "iPhone Developer";
				INFOPLIST_FILE = Chattels/Info.plist;
				LD_RUNPATH_SEARCH_PATHS = "$(inherited) @executable_path/Frameworks";
				PRODUCT_BUNDLE_IDENTIFIER = com.MLBNP.Chattels;
				PRODUCT_NAME = "$(TARGET_NAME)";
				SWIFT_VERSION = 3.0;
			};
			name = Release;
		};
/* End XCBuildConfiguration section */

/* Begin XCConfigurationList section */
		F42A4BAE1D492ED90001E831 /* Build configuration list for PBXProject "Chattels" */ = {
			isa = XCConfigurationList;
			buildConfigurations = (
				F42A4BC31D492ED90001E831 /* Debug */,
				F42A4BC41D492ED90001E831 /* Release */,
			);
			defaultConfigurationIsVisible = 0;
			defaultConfigurationName = Release;
		};
		F42A4BC51D492ED90001E831 /* Build configuration list for PBXNativeTarget "Chattels" */ = {
			isa = XCConfigurationList;
			buildConfigurations = (
				F42A4BC61D492ED90001E831 /* Debug */,
				F42A4BC71D492ED90001E831 /* Release */,
			);
			defaultConfigurationIsVisible = 0;
			defaultConfigurationName = Release;
		};
/* End XCConfigurationList section */
	};
	rootObject = F42A4BAB1D492ED90001E831 /* Project object */;
}
